# This file is @generated by PDM.
# It is not intended for manual editing.

[[package]]
name = "ruff"
version = "0.0.264"
requires_python = ">=3.7"
summary = "An extremely fast Python linter, written in Rust."

[metadata]
lock_version = "4.2"
groups = ["dev"]
content_hash = "sha256:bbd191fba07c99d3ba86358dd44666965ec7d5cfebfcd304c6cef5b8e4b5b253"

[metadata.files]
"ruff 0.0.264" = [
    {url = "https://files.pythonhosted.org/packages/1e/0e/375fde351cb0531470ad6b437cb1bbb6ce83cb0f6e01d0fd68680e3cfeff/ruff-0.0.264-py3-none-win32.whl", hash = "sha256:5a8658ebcc37d62f72840cbdf564171c1a2b6831db482b4d917962541a2f4a44"},
    {url = "https://files.pythonhosted.org/packages/23/dc/51ee0cd6d2c3c8e0ddc6531c7a8909c5df5f5f21d091854e9ff4293a7466/ruff-0.0.264-py3-none-manylinux_2_17_ppc64.manylinux2014_ppc64.whl", hash = "sha256:d628de91e2be7a83128526636097d2dd890669a06143f826f6c591d79aeefbc4"},
    {url = "https://files.pythonhosted.org/packages/31/84/b47957fa69018359dfbc350e28404a78f20a6cf213b580eff737784e3389/ruff-0.0.264-py3-none-musllinux_1_2_aarch64.whl", hash = "sha256:cd4f60ffc3eb15802c554a9c8581bf2117c4d3d06fbc57e0ba58f04cb1aaa47f"},
    {url = "https://files.pythonhosted.org/packages/37/6f/4aeda64a401beecf560381961efd8a01d6d53d1e095b084b77f31e410dca/ruff-0.0.264-py3-none-manylinux_2_17_ppc64le.manylinux2014_ppc64le.whl", hash = "sha256:91c6eb4f979b661a2dd850d9ac803842bb7b66d4926de84f09c787af82590f73"},
    {url = "https://files.pythonhosted.org/packages/37/f1/c4023c9dc501d7e49fe939fd86a287c02cf044be6f6cece359218c2ea025/ruff-0.0.264-py3-none-manylinux_2_17_x86_64.manylinux2014_x86_64.whl", hash = "sha256:71fd865ebacc1083259b3fb7e3eb45235a86e62e21830b8a6b067be0ec54aa2e"},
    {url = "https://files.pythonhosted.org/packages/57/eb/ec0dd02cfd07b7f725d5ba18edcbe1f1228b89d650eb72f50049c75f1df2/ruff-0.0.264-py3-none-manylinux_2_17_s390x.manylinux2014_s390x.whl", hash = "sha256:04ec5d75e4bca754cedd20d53e2ba4920d6259e7579abfb2e8e30c3c80e41b17"},
    {url = "https://files.pythonhosted.org/packages/64/a9/0ab814985bc90c19e7ac8ba53406c8f2f535739fff3a749e83a0573420ae/ruff-0.0.264-py3-none-musllinux_1_2_i686.whl", hash = "sha256:484e395d1984ab9e1e66bd42e7a5192decfee86998d07d36ee50b2fadccc8734"},
    {url = "https://files.pythonhosted.org/packages/68/1d/f6fbf3b023b0c86c372ebe31907e18a3fc22ee3f6e00ea534e530aa48466/ruff-0.0.264-py3-none-manylinux_2_17_aarch64.manylinux2014_aarch64.whl", hash = "sha256:4564e0f245eb515c6ed63988c21e9c40bcfd485cd1ec63bdd790f9a81d301f15"},
    {url = "https://files.pythonhosted.org/packages/6a/18/9809f9c1008a9f0cf1cbfc400b46649f1631eebe4dc6f9421f7178c361f8/ruff-0.0.264-py3-none-win_arm64.whl", hash = "sha256:3e2c38449548e122f2612843a7c04e22b4fd491656955c57b8cb05df11639ad6"},
    {url = "https://files.pythonhosted.org/packages/78/40/6a33d40d0bd48adce97775ed68b06922c95dba8076bb6db7ab320f6b9002/ruff-0.0.264-py3-none-manylinux_2_17_armv7l.manylinux2014_armv7l.whl", hash = "sha256:323ae6c1702b26c96d0fbf939c5959c37e79021f86b70f63634df918bc77f36e"},
    {url = "https://files.pythonhosted.org/packages/8a/e0/3cc67b6f9b9f20c04f1237a6192b19343309d3c2605930ea2472eb2f81fe/ruff-0.0.264-py3-none-manylinux_2_17_i686.manylinux2014_i686.whl", hash = "sha256:18a29ed37bf8cfe6dce8a2db56c313a64c0804095108753621f3c3321e0c9c5f"},
    {url = "https://files.pythonhosted.org/packages/a3/82/2cb89c8afffb03201cbdd19529ed5b3338705d5c6fb2b76830d3d1955f17/ruff-0.0.264-py3-none-macosx_10_9_x86_64.macosx_11_0_arm64.macosx_10_9_universal2.whl", hash = "sha256:d97ba8db0fb601ffe9ee996ebb97c698e427a2fd4514fefbe7b803111354f783"},
    {url = "https://files.pythonhosted.org/packages/b2/95/bb0befe3eb5fc7ae4bfde2f4162323bf55136a106fd0685378c35a89e1bb/ruff-0.0.264-py3-none-musllinux_1_2_x86_64.whl", hash = "sha256:67326fdc9ac0a1b13e229c6e24e8d115863c52cd710faaaaa588851535281d6c"},
    {url = "https://files.pythonhosted.org/packages/be/b3/bcf54b0ddf6e0e75ebe7fbe3bb1c7786647f1aac3ed60e128863129b3b4a/ruff-0.0.264-py3-none-macosx_10_7_x86_64.whl", hash = "sha256:ec2fa192c035b8b68cc2b91049c561cd69543e2b8c4d157d9aa7727320bedcca"},
    {url = "https://files.pythonhosted.org/packages/c2/a9/7c1b194946f1460ffbf26d9d25649c6ec4119982552936b3ce4425b7cae7/ruff-0.0.264-py3-none-win_amd64.whl", hash = "sha256:068a82a29d80848a56e3d9d4308e6e0ca8b2ecdaf5ac342a292545a59b7f2c21"},
    {url = "https://files.pythonhosted.org/packages/c6/06/3ed1d46e1e2a71d5b88b0087a994642730e5c1396425dd31d017463e0614/ruff-0.0.264.tar.gz", hash = "sha256:8fcd4b693ca1374eb7a5796581c90689f884f98f388740d94f0702fd30f8f78f"},
    {url = "https://files.pythonhosted.org/packages/fb/60/2f4f5170c58d70e4600d71c91e76b83a25ec31dfd2eb939e0805c1bbe6d2/ruff-0.0.264-py3-none-musllinux_1_2_armv7l.whl", hash = "sha256:05ee163a046fc593d150179d23f4af447fb82f3e59cd34e031ea0868c65bb8e8"},
]
